
Microsoft Visual Studio Solution File, Format Version 12.00
# Visual Studio Version 17
VisualStudioVersion = 17.3.32929.385
MinimumVisualStudioVersion = 10.0.40219.1
Project("{FAE04EC0-301F-11D3-BF4B-00C04F79EFBC}") = "SophosSyslogWorkerService", "SophosSyslogWorkerService\SophosSyslogWorkerService.csproj", "{B0C6191E-80A5-44E2-9EA0-2F3854B59C97}"
EndProject
Global
	GlobalSection(SolutionConfigurationPlatforms) = preSolution
		Debug|Any CPU = Debug|Any CPU
		Release|Any CPU = Release|Any CPU
	EndGlobalSection
	GlobalSection(ProjectConfigurationPlatforms) = postSolution
		{B0C6191E-80A5-44E2-9EA0-2F3854B59C97}.Debug|Any CPU.ActiveCfg = Debug|Any CPU
		{B0C6191E-80A5-44E2-9EA0-2F3854B59C97}.Debug|Any CPU.Build.0 = Debug|Any CPU
		{B0C6191E-80A5-44E2-9EA0-2F3854B59C97}.Release|Any CPU.ActiveCfg = Release|Any CPU
		{B0C6191E-80A5-44E2-9EA0-2F3854B59C97}.Release|Any CPU.Build.0 = Release|Any CPU
	EndGlobalSection
	GlobalSection(SolutionProperties) = preSolution
		HideSolutionNode = FALSE
	EndGlobalSection
	GlobalSection(ExtensibilityGlobals) = postSolution
		SolutionGuid = {C630E582-7B29-4427-ADD0-1EE61113CE2E}
	EndGlobalSection
EndGlobal
